{
  "pins" : [
    {
      "identity" : "ios-sdk",
      "kind" : "remoteSourceControl",
      "location" : "https://github.com/uxcam/ios-sdk",
      "state" : {
        "branch" : "main",
        "revision" : "8f66eacf678fa2b014ec2f9899cc141c3210a47f"
      }
    },
    {
      "identity" : "ios-swiftui",
      "kind" : "remoteSourceControl",
      "location" : "https://github.com/uxcam/ios-swiftui",
      "state" : {
        "branch" : "main",
        "revision" : "af6806999d6362dd67e94b1f566c6d2a4e31f7b0"
      }
    }
  ],
  "version" : 2
}
