// !$*UTF8*$!
{
	archiveVersion = 1;
	classes = {
	};
	objectVersion = 55;
	objects = {

/* Begin PBXBuildFile section */
		2693C4E92927F04200B85817 /* Color.swift in Sources */ = {isa = PBXBuildFile; fileRef = 2693C4E82927F04200B85817 /* Color.swift */; };
		2693C4EB2927F52200B85817 /* ConfettiParticles.swift in Sources */ = {isa = PBXBuildFile; fileRef = 2693C4EA2927F52200B85817 /* ConfettiParticles.swift */; };
		2693C4F12928032300B85817 /* HomeView.swift in Sources */ = {isa = PBXBuildFile; fileRef = 2693C4F02928032300B85817 /* HomeView.swift */; };
		2693C4F329280F4300B85817 /* CustomSheetParentView.swift in Sources */ = {isa = PBXBuildFile; fileRef = 2693C4F229280F4300B85817 /* CustomSheetParentView.swift */; };
		2EC7E6D2ED8AD9A204076C11 /* Pods_BubbleWord.framework in Frameworks */ = {isa = PBXBuildFile; fileRef = 5C05C53C6309410241F1ABA8 /* Pods_BubbleWord.framework */; };
		DF1BC862292AF4A000B17678 /* HowToPlay.swift in Sources */ = {isa = PBXBuildFile; fileRef = DF1BC861292AF4A000B17678 /* HowToPlay.swift */; };
		DF1BC865292AF4E300B17678 /* AboutUs.swift in Sources */ = {isa = PBXBuildFile; fileRef = DF1BC864292AF4E300B17678 /* AboutUs.swift */; };
		DF2F100E291824DA00771C06 /* Letter.swift in Sources */ = {isa = PBXBuildFile; fileRef = DF2F100D291824DA00771C06 /* Letter.swift */; };
		DF3FA8802925D9D600FA003A /* BannerAd.swift in Sources */ = {isa = PBXBuildFile; fileRef = DF3FA87E2925D9D600FA003A /* BannerAd.swift */; };
		DF5D37032911B7EC001A7BA1 /* BubbleWordApp.swift in Sources */ = {isa = PBXBuildFile; fileRef = DF5D37022911B7EC001A7BA1 /* BubbleWordApp.swift */; };
		DF5D37052911B7EC001A7BA1 /* GameView.swift in Sources */ = {isa = PBXBuildFile; fileRef = DF5D37042911B7EC001A7BA1 /* GameView.swift */; };
		DF5D37072911B7ED001A7BA1 /* Assets.xcassets in Resources */ = {isa = PBXBuildFile; fileRef = DF5D37062911B7ED001A7BA1 /* Assets.xcassets */; };
		DF5D370A2911B7ED001A7BA1 /* Preview Assets.xcassets in Resources */ = {isa = PBXBuildFile; fileRef = DF5D37092911B7ED001A7BA1 /* Preview Assets.xcassets */; };
		DF5D37122911B839001A7BA1 /* LetterComponent.swift in Sources */ = {isa = PBXBuildFile; fileRef = DF5D37112911B839001A7BA1 /* LetterComponent.swift */; };
		DF5EC3FF292A70C500543378 /* UXCam in Frameworks */ = {isa = PBXBuildFile; productRef = DF5EC3FE292A70C500543378 /* UXCam */; };
		DF5EC402292A70D600543378 /* UXCamSwiftUI in Frameworks */ = {isa = PBXBuildFile; productRef = DF5EC401292A70D600543378 /* UXCamSwiftUI */; };
		DF60395C291EFB3A00CB1E27 /* YouLoseView.swift in Sources */ = {isa = PBXBuildFile; fileRef = DF60395B291EFB3A00CB1E27 /* YouLoseView.swift */; };
		DF6A50E1291D2FBF0079341B /* GameViewModel.swift in Sources */ = {isa = PBXBuildFile; fileRef = DF6A50E0291D2FBF0079341B /* GameViewModel.swift */; };
		DF6A50E5291D3FA30079341B /* View.swift in Sources */ = {isa = PBXBuildFile; fileRef = DF6A50E4291D3FA30079341B /* View.swift */; };
		DF812780292164A4007D7086 /* DifficultyView.swift in Sources */ = {isa = PBXBuildFile; fileRef = DF81277F292164A4007D7086 /* DifficultyView.swift */; };
		DF81278229216617007D7086 /* CardComponent.swift in Sources */ = {isa = PBXBuildFile; fileRef = DF81278129216617007D7086 /* CardComponent.swift */; };
		DF81278729216A6E007D7086 /* DifficultyViewModel.swift in Sources */ = {isa = PBXBuildFile; fileRef = DF81278629216A6E007D7086 /* DifficultyViewModel.swift */; };
		DF81278A29216DF6007D7086 /* PausedView.swift in Sources */ = {isa = PBXBuildFile; fileRef = DF81278929216DF6007D7086 /* PausedView.swift */; };
		DF85AE622929241400887C52 /* Spacing.swift in Sources */ = {isa = PBXBuildFile; fileRef = DF85AE612929241400887C52 /* Spacing.swift */; };
		DF85AE642929255800887C52 /* FontSize.swift in Sources */ = {isa = PBXBuildFile; fileRef = DF85AE632929255800887C52 /* FontSize.swift */; };
		DF85AE662929572F00887C52 /* ButtonComponent.swift in Sources */ = {isa = PBXBuildFile; fileRef = DF85AE652929572F00887C52 /* ButtonComponent.swift */; };
		DF85AE6829295F6200887C52 /* CornerRadius.swift in Sources */ = {isa = PBXBuildFile; fileRef = DF85AE6729295F6200887C52 /* CornerRadius.swift */; };
/* End PBXBuildFile section */

/* Begin PBXFileReference section */
		2693C4E82927F04200B85817 /* Color.swift */ = {isa = PBXFileReference; lastKnownFileType = sourcecode.swift; path = Color.swift; sourceTree = "<group>"; };
		2693C4EA2927F52200B85817 /* ConfettiParticles.swift */ = {isa = PBXFileReference; lastKnownFileType = sourcecode.swift; path = ConfettiParticles.swift; sourceTree = "<group>"; };
		2693C4F02928032300B85817 /* HomeView.swift */ = {isa = PBXFileReference; lastKnownFileType = sourcecode.swift; path = HomeView.swift; sourceTree = "<group>"; };
		2693C4F229280F4300B85817 /* CustomSheetParentView.swift */ = {isa = PBXFileReference; lastKnownFileType = sourcecode.swift; path = CustomSheetParentView.swift; sourceTree = "<group>"; };
		5C05C53C6309410241F1ABA8 /* Pods_BubbleWord.framework */ = {isa = PBXFileReference; explicitFileType = wrapper.framework; includeInIndex = 0; path = Pods_BubbleWord.framework; sourceTree = BUILT_PRODUCTS_DIR; };
		5F95F634DD59C8FA7A51E004 /* Pods-BubbleWord.debug.xcconfig */ = {isa = PBXFileReference; includeInIndex = 1; lastKnownFileType = text.xcconfig; name = "Pods-BubbleWord.debug.xcconfig"; path = "Target Support Files/Pods-BubbleWord/Pods-BubbleWord.debug.xcconfig"; sourceTree = "<group>"; };
		DF1BC861292AF4A000B17678 /* HowToPlay.swift */ = {isa = PBXFileReference; lastKnownFileType = sourcecode.swift; path = HowToPlay.swift; sourceTree = "<group>"; };
		DF1BC864292AF4E300B17678 /* AboutUs.swift */ = {isa = PBXFileReference; lastKnownFileType = sourcecode.swift; path = AboutUs.swift; sourceTree = "<group>"; };
		DF2F100D291824DA00771C06 /* Letter.swift */ = {isa = PBXFileReference; lastKnownFileType = sourcecode.swift; path = Letter.swift; sourceTree = "<group>"; };
		DF3FA87E2925D9D600FA003A /* BannerAd.swift */ = {isa = PBXFileReference; fileEncoding = 4; lastKnownFileType = sourcecode.swift; path = BannerAd.swift; sourceTree = "<group>"; };
		DF3FA8822925DABA00FA003A /* Info.plist */ = {isa = PBXFileReference; lastKnownFileType = text.plist; path = Info.plist; sourceTree = "<group>"; };
		DF5D36FF2911B7EC001A7BA1 /* BubbleWord.app */ = {isa = PBXFileReference; explicitFileType = wrapper.application; includeInIndex = 0; path = BubbleWord.app; sourceTree = BUILT_PRODUCTS_DIR; };
		DF5D37022911B7EC001A7BA1 /* BubbleWordApp.swift */ = {isa = PBXFileReference; lastKnownFileType = sourcecode.swift; path = BubbleWordApp.swift; sourceTree = "<group>"; };
		DF5D37042911B7EC001A7BA1 /* GameView.swift */ = {isa = PBXFileReference; lastKnownFileType = sourcecode.swift; path = GameView.swift; sourceTree = "<group>"; };
		DF5D37062911B7ED001A7BA1 /* Assets.xcassets */ = {isa = PBXFileReference; lastKnownFileType = folder.assetcatalog; path = Assets.xcassets; sourceTree = "<group>"; };
		DF5D37092911B7ED001A7BA1 /* Preview Assets.xcassets */ = {isa = PBXFileReference; lastKnownFileType = folder.assetcatalog; path = "Preview Assets.xcassets"; sourceTree = "<group>"; };
		DF5D37112911B839001A7BA1 /* LetterComponent.swift */ = {isa = PBXFileReference; lastKnownFileType = sourcecode.swift; path = LetterComponent.swift; sourceTree = "<group>"; };
		DF60395B291EFB3A00CB1E27 /* YouLoseView.swift */ = {isa = PBXFileReference; lastKnownFileType = sourcecode.swift; path = YouLoseView.swift; sourceTree = "<group>"; };
		DF6A50E0291D2FBF0079341B /* GameViewModel.swift */ = {isa = PBXFileReference; lastKnownFileType = sourcecode.swift; path = GameViewModel.swift; sourceTree = "<group>"; };
		DF6A50E4291D3FA30079341B /* View.swift */ = {isa = PBXFileReference; lastKnownFileType = sourcecode.swift; path = View.swift; sourceTree = "<group>"; };
		DF81277F292164A4007D7086 /* DifficultyView.swift */ = {isa = PBXFileReference; lastKnownFileType = sourcecode.swift; path = DifficultyView.swift; sourceTree = "<group>"; };
		DF81278129216617007D7086 /* CardComponent.swift */ = {isa = PBXFileReference; lastKnownFileType = sourcecode.swift; path = CardComponent.swift; sourceTree = "<group>"; };
		DF81278629216A6E007D7086 /* DifficultyViewModel.swift */ = {isa = PBXFileReference; lastKnownFileType = sourcecode.swift; path = DifficultyViewModel.swift; sourceTree = "<group>"; };
		DF81278929216DF6007D7086 /* PausedView.swift */ = {isa = PBXFileReference; lastKnownFileType = sourcecode.swift; path = PausedView.swift; sourceTree = "<group>"; };
		DF85AE612929241400887C52 /* Spacing.swift */ = {isa = PBXFileReference; lastKnownFileType = sourcecode.swift; path = Spacing.swift; sourceTree = "<group>"; };
		DF85AE632929255800887C52 /* FontSize.swift */ = {isa = PBXFileReference; lastKnownFileType = sourcecode.swift; path = FontSize.swift; sourceTree = "<group>"; };
		DF85AE652929572F00887C52 /* ButtonComponent.swift */ = {isa = PBXFileReference; lastKnownFileType = sourcecode.swift; path = ButtonComponent.swift; sourceTree = "<group>"; };
		DF85AE6729295F6200887C52 /* CornerRadius.swift */ = {isa = PBXFileReference; lastKnownFileType = sourcecode.swift; path = CornerRadius.swift; sourceTree = "<group>"; };
		EB92963F68377157FAC04EBB /* Pods-BubbleWord.release.xcconfig */ = {isa = PBXFileReference; includeInIndex = 1; lastKnownFileType = text.xcconfig; name = "Pods-BubbleWord.release.xcconfig"; path = "Target Support Files/Pods-BubbleWord/Pods-BubbleWord.release.xcconfig"; sourceTree = "<group>"; };
/* End PBXFileReference section */

/* Begin PBXFrameworksBuildPhase section */
		DF5D36FC2911B7EC001A7BA1 /* Frameworks */ = {
			isa = PBXFrameworksBuildPhase;
			buildActionMask = 2147483647;
			files = (
				2EC7E6D2ED8AD9A204076C11 /* Pods_BubbleWord.framework in Frameworks */,
				DF5EC3FF292A70C500543378 /* UXCam in Frameworks */,
				DF5EC402292A70D600543378 /* UXCamSwiftUI in Frameworks */,
			);
			runOnlyForDeploymentPostprocessing = 0;
		};
/* End PBXFrameworksBuildPhase section */

/* Begin PBXGroup section */
		2693C4E22927EFB000B85817 /* Features */ = {
			isa = PBXGroup;
			children = (
				2693C4EC2927FC9700B85817 /* Home */,
				DF81277E29216499007D7086 /* Difficulty */,
				DF6A50DF291D2FB30079341B /* Game */,
				DF3FA87D2925D9D600FA003A /* AdMob */,
			);
			path = Features;
			sourceTree = "<group>";
		};
		2693C4E32927EFE200B85817 /* ViewModel */ = {
			isa = PBXGroup;
			children = (
				DF6A50E0291D2FBF0079341B /* GameViewModel.swift */,
			);
			path = ViewModel;
			sourceTree = "<group>";
		};
		2693C4E42927EFEF00B85817 /* View */ = {
			isa = PBXGroup;
			children = (
				DF5D37042911B7EC001A7BA1 /* GameView.swift */,
			);
			path = View;
			sourceTree = "<group>";
		};
		2693C4E52927EFF700B85817 /* Model */ = {
			isa = PBXGroup;
			children = (
				DF2F100D291824DA00771C06 /* Letter.swift */,
			);
			path = Model;
			sourceTree = "<group>";
		};
		2693C4E62927F00600B85817 /* ViewModel */ = {
			isa = PBXGroup;
			children = (
				DF81278629216A6E007D7086 /* DifficultyViewModel.swift */,
			);
			path = ViewModel;
			sourceTree = "<group>";
		};
		2693C4E72927F00C00B85817 /* View */ = {
			isa = PBXGroup;
			children = (
				DF81277F292164A4007D7086 /* DifficultyView.swift */,
			);
			path = View;
			sourceTree = "<group>";
		};
		2693C4EC2927FC9700B85817 /* Home */ = {
			isa = PBXGroup;
			children = (
				2693C4EF2927FCAB00B85817 /* View */,
			);
			path = Home;
			sourceTree = "<group>";
		};
		2693C4EF2927FCAB00B85817 /* View */ = {
			isa = PBXGroup;
			children = (
				2693C4F02928032300B85817 /* HomeView.swift */,
				DF1BC863292AF4D400B17678 /* SubViews */,
			);
			path = View;
			sourceTree = "<group>";
		};
		4BF3536B9B7B88E52F4ED182 /* Pods */ = {
			isa = PBXGroup;
			children = (
				5F95F634DD59C8FA7A51E004 /* Pods-BubbleWord.debug.xcconfig */,
				EB92963F68377157FAC04EBB /* Pods-BubbleWord.release.xcconfig */,
			);
			path = Pods;
			sourceTree = "<group>";
		};
		A286489717370C4C8574D48B /* Frameworks */ = {
			isa = PBXGroup;
			children = (
				5C05C53C6309410241F1ABA8 /* Pods_BubbleWord.framework */,
			);
			name = Frameworks;
			sourceTree = "<group>";
		};
		DF1BC863292AF4D400B17678 /* SubViews */ = {
			isa = PBXGroup;
			children = (
				DF1BC861292AF4A000B17678 /* HowToPlay.swift */,
				DF1BC864292AF4E300B17678 /* AboutUs.swift */,
			);
			path = SubViews;
			sourceTree = "<group>";
		};
		DF3FA87D2925D9D600FA003A /* AdMob */ = {
			isa = PBXGroup;
			children = (
				DF3FA87E2925D9D600FA003A /* BannerAd.swift */,
			);
			path = AdMob;
			sourceTree = "<group>";
		};
		DF5D36F62911B7EC001A7BA1 = {
			isa = PBXGroup;
			children = (
				DF5D37012911B7EC001A7BA1 /* BubbleWord */,
				DF5D37002911B7EC001A7BA1 /* Products */,
				4BF3536B9B7B88E52F4ED182 /* Pods */,
				A286489717370C4C8574D48B /* Frameworks */,
			);
			sourceTree = "<group>";
		};
		DF5D37002911B7EC001A7BA1 /* Products */ = {
			isa = PBXGroup;
			children = (
				DF5D36FF2911B7EC001A7BA1 /* BubbleWord.app */,
			);
			name = Products;
			sourceTree = "<group>";
		};
		DF5D37012911B7EC001A7BA1 /* BubbleWord */ = {
			isa = PBXGroup;
			children = (
				2693C4E22927EFB000B85817 /* Features */,
				DF6A50E3291D3F990079341B /* Extensions */,
				DF85AE602929240C00887C52 /* Tokens */,
				DF5D37102911B82D001A7BA1 /* Components */,
				DF5D37022911B7EC001A7BA1 /* BubbleWordApp.swift */,
				DF5D37062911B7ED001A7BA1 /* Assets.xcassets */,
				DF3FA8822925DABA00FA003A /* Info.plist */,
				DF5D37082911B7ED001A7BA1 /* Preview Content */,
			);
			path = BubbleWord;
			sourceTree = "<group>";
		};
		DF5D37082911B7ED001A7BA1 /* Preview Content */ = {
			isa = PBXGroup;
			children = (
				DF5D37092911B7ED001A7BA1 /* Preview Assets.xcassets */,
			);
			path = "Preview Content";
			sourceTree = "<group>";
		};
		DF5D37102911B82D001A7BA1 /* Components */ = {
			isa = PBXGroup;
			children = (
				DF60395B291EFB3A00CB1E27 /* YouLoseView.swift */,
				DF5D37112911B839001A7BA1 /* LetterComponent.swift */,
				DF81278129216617007D7086 /* CardComponent.swift */,
				DF81278929216DF6007D7086 /* PausedView.swift */,
				2693C4EA2927F52200B85817 /* ConfettiParticles.swift */,
				2693C4F229280F4300B85817 /* CustomSheetParentView.swift */,
				DF85AE652929572F00887C52 /* ButtonComponent.swift */,
			);
			path = Components;
			sourceTree = "<group>";
		};
		DF6A50DF291D2FB30079341B /* Game */ = {
			isa = PBXGroup;
			children = (
				2693C4E42927EFEF00B85817 /* View */,
				2693C4E32927EFE200B85817 /* ViewModel */,
				2693C4E52927EFF700B85817 /* Model */,
			);
			path = Game;
			sourceTree = "<group>";
		};
		DF6A50E3291D3F990079341B /* Extensions */ = {
			isa = PBXGroup;
			children = (
				DF6A50E4291D3FA30079341B /* View.swift */,
				2693C4E82927F04200B85817 /* Color.swift */,
			);
			path = Extensions;
			sourceTree = "<group>";
		};
		DF81277E29216499007D7086 /* Difficulty */ = {
			isa = PBXGroup;
			children = (
				2693C4E72927F00C00B85817 /* View */,
				2693C4E62927F00600B85817 /* ViewModel */,
			);
			path = Difficulty;
			sourceTree = "<group>";
		};
		DF85AE602929240C00887C52 /* Tokens */ = {
			isa = PBXGroup;
			children = (
				DF85AE612929241400887C52 /* Spacing.swift */,
				DF85AE632929255800887C52 /* FontSize.swift */,
				DF85AE6729295F6200887C52 /* CornerRadius.swift */,
			);
			path = Tokens;
			sourceTree = "<group>";
		};
/* End PBXGroup section */

/* Begin PBXNativeTarget section */
		DF5D36FE2911B7EC001A7BA1 /* BubbleWord */ = {
			isa = PBXNativeTarget;
			buildConfigurationList = DF5D370D2911B7ED001A7BA1 /* Build configuration list for PBXNativeTarget "BubbleWord" */;
			buildPhases = (
				C1F6287D54F08AF631B922B9 /* [CP] Check Pods Manifest.lock */,
				DF5D36FB2911B7EC001A7BA1 /* Sources */,
				DF5D36FC2911B7EC001A7BA1 /* Frameworks */,
				DF5D36FD2911B7EC001A7BA1 /* Resources */,
				1734BC201AD30CCE72FC4FE9 /* [CP] Embed Pods Frameworks */,
			);
			buildRules = (
			);
			dependencies = (
			);
			name = BubbleWord;
			packageProductDependencies = (
				DF5EC3FE292A70C500543378 /* UXCam */,
				DF5EC401292A70D600543378 /* UXCamSwiftUI */,
			);
			productName = BubbleWord;
			productReference = DF5D36FF2911B7EC001A7BA1 /* BubbleWord.app */;
			productType = "com.apple.product-type.application";
		};
/* End PBXNativeTarget section */

/* Begin PBXProject section */
		DF5D36F72911B7EC001A7BA1 /* Project object */ = {
			isa = PBXProject;
			attributes = {
				BuildIndependentTargetsInParallel = 1;
				LastSwiftUpdateCheck = 1400;
				LastUpgradeCheck = 1400;
				TargetAttributes = {
					DF5D36FE2911B7EC001A7BA1 = {
						CreatedOnToolsVersion = 14.0.1;
					};
				};
			};
			buildConfigurationList = DF5D36FA2911B7EC001A7BA1 /* Build configuration list for PBXProject "BubbleWord" */;
			compatibilityVersion = "Xcode 13.0";
			developmentRegion = en;
			hasScannedForEncodings = 0;
			knownRegions = (
				en,
				Base,
			);
			mainGroup = DF5D36F62911B7EC001A7BA1;
			packageReferences = (
				DF5EC3FD292A70C500543378 /* XCRemoteSwiftPackageReference "ios-sdk" */,
				DF5EC400292A70D600543378 /* XCRemoteSwiftPackageReference "ios-swiftui" */,
			);
			productRefGroup = DF5D37002911B7EC001A7BA1 /* Products */;
			projectDirPath = "";
			projectRoot = "";
			targets = (
				DF5D36FE2911B7EC001A7BA1 /* BubbleWord */,
			);
		};
/* End PBXProject section */

/* Begin PBXResourcesBuildPhase section */
		DF5D36FD2911B7EC001A7BA1 /* Resources */ = {
			isa = PBXResourcesBuildPhase;
			buildActionMask = 2147483647;
			files = (
				DF5D370A2911B7ED001A7BA1 /* Preview Assets.xcassets in Resources */,
				DF5D37072911B7ED001A7BA1 /* Assets.xcassets in Resources */,
			);
			runOnlyForDeploymentPostprocessing = 0;
		};
/* End PBXResourcesBuildPhase section */

/* Begin PBXShellScriptBuildPhase section */
		1734BC201AD30CCE72FC4FE9 /* [CP] Embed Pods Frameworks */ = {
			isa = PBXShellScriptBuildPhase;
			buildActionMask = 2147483647;
			files = (
			);
			inputFileListPaths = (
				"${PODS_ROOT}/Target Support Files/Pods-BubbleWord/Pods-BubbleWord-frameworks-${CONFIGURATION}-input-files.xcfilelist",
			);
			name = "[CP] Embed Pods Frameworks";
			outputFileListPaths = (
				"${PODS_ROOT}/Target Support Files/Pods-BubbleWord/Pods-BubbleWord-frameworks-${CONFIGURATION}-output-files.xcfilelist",
			);
			runOnlyForDeploymentPostprocessing = 0;
			shellPath = /bin/sh;
			shellScript = "\"${PODS_ROOT}/Target Support Files/Pods-BubbleWord/Pods-BubbleWord-frameworks.sh\"\n";
			showEnvVarsInLog = 0;
		};
		C1F6287D54F08AF631B922B9 /* [CP] Check Pods Manifest.lock */ = {
			isa = PBXShellScriptBuildPhase;
			buildActionMask = 2147483647;
			files = (
			);
			inputFileListPaths = (
			);
			inputPaths = (
				"${PODS_PODFILE_DIR_PATH}/Podfile.lock",
				"${PODS_ROOT}/Manifest.lock",
			);
			name = "[CP] Check Pods Manifest.lock";
			outputFileListPaths = (
			);
			outputPaths = (
				"$(DERIVED_FILE_DIR)/Pods-BubbleWord-checkManifestLockResult.txt",
			);
			runOnlyForDeploymentPostprocessing = 0;
			shellPath = /bin/sh;
			shellScript = "diff \"${PODS_PODFILE_DIR_PATH}/Podfile.lock\" \"${PODS_ROOT}/Manifest.lock\" > /dev/null\nif [ $? != 0 ] ; then\n    # print error to STDERR\n    echo \"error: The sandbox is not in sync with the Podfile.lock. Run 'pod install' or update your CocoaPods installation.\" >&2\n    exit 1\nfi\n# This output is used by Xcode 'outputs' to avoid re-running this script phase.\necho \"SUCCESS\" > \"${SCRIPT_OUTPUT_FILE_0}\"\n";
			showEnvVarsInLog = 0;
		};
/* End PBXShellScriptBuildPhase section */

/* Begin PBXSourcesBuildPhase section */
		DF5D36FB2911B7EC001A7BA1 /* Sources */ = {
			isa = PBXSourcesBuildPhase;
			buildActionMask = 2147483647;
			files = (
				DF60395C291EFB3A00CB1E27 /* YouLoseView.swift in Sources */,
				DF85AE642929255800887C52 /* FontSize.swift in Sources */,
				DF85AE6829295F6200887C52 /* CornerRadius.swift in Sources */,
				DF1BC865292AF4E300B17678 /* AboutUs.swift in Sources */,
				DF81278729216A6E007D7086 /* DifficultyViewModel.swift in Sources */,
				DF81278229216617007D7086 /* CardComponent.swift in Sources */,
				DF85AE662929572F00887C52 /* ButtonComponent.swift in Sources */,
				2693C4F12928032300B85817 /* HomeView.swift in Sources */,
				DF85AE622929241400887C52 /* Spacing.swift in Sources */,
				DF81278A29216DF6007D7086 /* PausedView.swift in Sources */,
				DF5D37122911B839001A7BA1 /* LetterComponent.swift in Sources */,
				DF5D37052911B7EC001A7BA1 /* GameView.swift in Sources */,
				2693C4E92927F04200B85817 /* Color.swift in Sources */,
				DF6A50E5291D3FA30079341B /* View.swift in Sources */,
				DF3FA8802925D9D600FA003A /* BannerAd.swift in Sources */,
				DF5D37032911B7EC001A7BA1 /* BubbleWordApp.swift in Sources */,
				DF812780292164A4007D7086 /* DifficultyView.swift in Sources */,
				DF1BC862292AF4A000B17678 /* HowToPlay.swift in Sources */,
				DF6A50E1291D2FBF0079341B /* GameViewModel.swift in Sources */,
				DF2F100E291824DA00771C06 /* Letter.swift in Sources */,
				2693C4EB2927F52200B85817 /* ConfettiParticles.swift in Sources */,
				2693C4F329280F4300B85817 /* CustomSheetParentView.swift in Sources */,
			);
			runOnlyForDeploymentPostprocessing = 0;
		};
/* End PBXSourcesBuildPhase section */

/* Begin XCBuildConfiguration section */
		DF5D370B2911B7ED001A7BA1 /* Debug */ = {
			isa = XCBuildConfiguration;
			buildSettings = {
				ALWAYS_SEARCH_USER_PATHS = NO;
				CLANG_ANALYZER_NONNULL = YES;
				CLANG_ANALYZER_NUMBER_OBJECT_CONVERSION = YES_AGGRESSIVE;
				CLANG_CXX_LANGUAGE_STANDARD = "gnu++20";
				CLANG_ENABLE_MODULES = YES;
				CLANG_ENABLE_OBJC_ARC = YES;
				CLANG_ENABLE_OBJC_WEAK = YES;
				CLANG_WARN_BLOCK_CAPTURE_AUTORELEASING = YES;
				CLANG_WARN_BOOL_CONVERSION = YES;
				CLANG_WARN_COMMA = YES;
				CLANG_WARN_CONSTANT_CONVERSION = YES;
				CLANG_WARN_DEPRECATED_OBJC_IMPLEMENTATIONS = YES;
				CLANG_WARN_DIRECT_OBJC_ISA_USAGE = YES_ERROR;
				CLANG_WARN_DOCUMENTATION_COMMENTS = YES;
				CLANG_WARN_EMPTY_BODY = YES;
				CLANG_WARN_ENUM_CONVERSION = YES;
				CLANG_WARN_INFINITE_RECURSION = YES;
				CLANG_WARN_INT_CONVERSION = YES;
				CLANG_WARN_NON_LITERAL_NULL_CONVERSION = YES;
				CLANG_WARN_OBJC_IMPLICIT_RETAIN_SELF = YES;
				CLANG_WARN_OBJC_LITERAL_CONVERSION = YES;
				CLANG_WARN_OBJC_ROOT_CLASS = YES_ERROR;
				CLANG_WARN_QUOTED_INCLUDE_IN_FRAMEWORK_HEADER = YES;
				CLANG_WARN_RANGE_LOOP_ANALYSIS = YES;
				CLANG_WARN_STRICT_PROTOTYPES = YES;
				CLANG_WARN_SUSPICIOUS_MOVE = YES;
				CLANG_WARN_UNGUARDED_AVAILABILITY = YES_AGGRESSIVE;
				CLANG_WARN_UNREACHABLE_CODE = YES;
				CLANG_WARN__DUPLICATE_METHOD_MATCH = YES;
				COPY_PHASE_STRIP = NO;
				DEBUG_INFORMATION_FORMAT = dwarf;
				ENABLE_STRICT_OBJC_MSGSEND = YES;
				ENABLE_TESTABILITY = YES;
				GCC_C_LANGUAGE_STANDARD = gnu11;
				GCC_DYNAMIC_NO_PIC = NO;
				GCC_NO_COMMON_BLOCKS = YES;
				GCC_OPTIMIZATION_LEVEL = 0;
				GCC_PREPROCESSOR_DEFINITIONS = (
					"DEBUG=1",
					"$(inherited)",
				);
				GCC_WARN_64_TO_32_BIT_CONVERSION = YES;
				GCC_WARN_ABOUT_RETURN_TYPE = YES_ERROR;
				GCC_WARN_UNDECLARED_SELECTOR = YES;
				GCC_WARN_UNINITIALIZED_AUTOS = YES_AGGRESSIVE;
				GCC_WARN_UNUSED_FUNCTION = YES;
				GCC_WARN_UNUSED_VARIABLE = YES;
				IPHONEOS_DEPLOYMENT_TARGET = 16.0;
				MTL_ENABLE_DEBUG_INFO = INCLUDE_SOURCE;
				MTL_FAST_MATH = YES;
				ONLY_ACTIVE_ARCH = YES;
				SDKROOT = iphoneos;
				SWIFT_ACTIVE_COMPILATION_CONDITIONS = DEBUG;
				SWIFT_OPTIMIZATION_LEVEL = "-Onone";
			};
			name = Debug;
		};
		DF5D370C2911B7ED001A7BA1 /* Release */ = {
			isa = XCBuildConfiguration;
			buildSettings = {
				ALWAYS_SEARCH_USER_PATHS = NO;
				CLANG_ANALYZER_NONNULL = YES;
				CLANG_ANALYZER_NUMBER_OBJECT_CONVERSION = YES_AGGRESSIVE;
				CLANG_CXX_LANGUAGE_STANDARD = "gnu++20";
				CLANG_ENABLE_MODULES = YES;
				CLANG_ENABLE_OBJC_ARC = YES;
				CLANG_ENABLE_OBJC_WEAK = YES;
				CLANG_WARN_BLOCK_CAPTURE_AUTORELEASING = YES;
				CLANG_WARN_BOOL_CONVERSION = YES;
				CLANG_WARN_COMMA = YES;
				CLANG_WARN_CONSTANT_CONVERSION = YES;
				CLANG_WARN_DEPRECATED_OBJC_IMPLEMENTATIONS = YES;
				CLANG_WARN_DIRECT_OBJC_ISA_USAGE = YES_ERROR;
				CLANG_WARN_DOCUMENTATION_COMMENTS = YES;
				CLANG_WARN_EMPTY_BODY = YES;
				CLANG_WARN_ENUM_CONVERSION = YES;
				CLANG_WARN_INFINITE_RECURSION = YES;
				CLANG_WARN_INT_CONVERSION = YES;
				CLANG_WARN_NON_LITERAL_NULL_CONVERSION = YES;
				CLANG_WARN_OBJC_IMPLICIT_RETAIN_SELF = YES;
				CLANG_WARN_OBJC_LITERAL_CONVERSION = YES;
				CLANG_WARN_OBJC_ROOT_CLASS = YES_ERROR;
				CLANG_WARN_QUOTED_INCLUDE_IN_FRAMEWORK_HEADER = YES;
				CLANG_WARN_RANGE_LOOP_ANALYSIS = YES;
				CLANG_WARN_STRICT_PROTOTYPES = YES;
				CLANG_WARN_SUSPICIOUS_MOVE = YES;
				CLANG_WARN_UNGUARDED_AVAILABILITY = YES_AGGRESSIVE;
				CLANG_WARN_UNREACHABLE_CODE = YES;
				CLANG_WARN__DUPLICATE_METHOD_MATCH = YES;
				COPY_PHASE_STRIP = NO;
				DEBUG_INFORMATION_FORMAT = "dwarf-with-dsym";
				ENABLE_NS_ASSERTIONS = NO;
				ENABLE_STRICT_OBJC_MSGSEND = YES;
				GCC_C_LANGUAGE_STANDARD = gnu11;
				GCC_NO_COMMON_BLOCKS = YES;
				GCC_WARN_64_TO_32_BIT_CONVERSION = YES;
				GCC_WARN_ABOUT_RETURN_TYPE = YES_ERROR;
				GCC_WARN_UNDECLARED_SELECTOR = YES;
				GCC_WARN_UNINITIALIZED_AUTOS = YES_AGGRESSIVE;
				GCC_WARN_UNUSED_FUNCTION = YES;
				GCC_WARN_UNUSED_VARIABLE = YES;
				IPHONEOS_DEPLOYMENT_TARGET = 16.0;
				MTL_ENABLE_DEBUG_INFO = NO;
				MTL_FAST_MATH = YES;
				SDKROOT = iphoneos;
				SWIFT_COMPILATION_MODE = wholemodule;
				SWIFT_OPTIMIZATION_LEVEL = "-O";
				VALIDATE_PRODUCT = YES;
			};
			name = Release;
		};
		DF5D370E2911B7ED001A7BA1 /* Debug */ = {
			isa = XCBuildConfiguration;
			baseConfigurationReference = 5F95F634DD59C8FA7A51E004 /* Pods-BubbleWord.debug.xcconfig */;
			buildSettings = {
				ASSETCATALOG_COMPILER_APPICON_NAME = AppIcon;
				ASSETCATALOG_COMPILER_GLOBAL_ACCENT_COLOR_NAME = AccentColor;
				CODE_SIGN_STYLE = Automatic;
				CURRENT_PROJECT_VERSION = 1;
				DEVELOPMENT_ASSET_PATHS = "\"BubbleWord/Preview Content\"";
				DEVELOPMENT_TEAM = 6525BU9D84;
				ENABLE_PREVIEWS = YES;
				GENERATE_INFOPLIST_FILE = YES;
				INFOPLIST_FILE = BubbleWord/Info.plist;
				INFOPLIST_KEY_CFBundleDisplayName = Letters.io;
				INFOPLIST_KEY_LSApplicationCategoryType = "public.app-category.trivia-games";
				INFOPLIST_KEY_UIApplicationSceneManifest_Generation = YES;
				INFOPLIST_KEY_UIApplicationSupportsIndirectInputEvents = YES;
				INFOPLIST_KEY_UILaunchScreen_Generation = YES;
				INFOPLIST_KEY_UISupportedInterfaceOrientations = UIInterfaceOrientationPortrait;
				INFOPLIST_KEY_UISupportedInterfaceOrientations_iPad = "UIInterfaceOrientationLandscapeLeft UIInterfaceOrientationLandscapeRight UIInterfaceOrientationPortrait UIInterfaceOrientationPortraitUpsideDown";
				IPHONEOS_DEPLOYMENT_TARGET = 14.0;
				LD_RUNPATH_SEARCH_PATHS = (
					"$(inherited)",
					"@executable_path/Frameworks",
				);
				MARKETING_VERSION = 1.0;
				PRODUCT_BUNDLE_IDENTIFIER = com.app.BubbleWord;
				PRODUCT_NAME = "$(TARGET_NAME)";
				SUPPORTED_PLATFORMS = "iphoneos iphonesimulator";
				SUPPORTS_MACCATALYST = NO;
				SUPPORTS_MAC_DESIGNED_FOR_IPHONE_IPAD = NO;
				SWIFT_EMIT_LOC_STRINGS = YES;
				SWIFT_VERSION = 5.0;
				TARGETED_DEVICE_FAMILY = "1,2";
			};
			name = Debug;
		};
		DF5D370F2911B7ED001A7BA1 /* Release */ = {
			isa = XCBuildConfiguration;
			baseConfigurationReference = EB92963F68377157FAC04EBB /* Pods-BubbleWord.release.xcconfig */;
			buildSettings = {
				ASSETCATALOG_COMPILER_APPICON_NAME = AppIcon;
				ASSETCATALOG_COMPILER_GLOBAL_ACCENT_COLOR_NAME = AccentColor;
				CODE_SIGN_STYLE = Automatic;
				CURRENT_PROJECT_VERSION = 1;
				DEVELOPMENT_ASSET_PATHS = "\"BubbleWord/Preview Content\"";
				DEVELOPMENT_TEAM = 6525BU9D84;
				ENABLE_PREVIEWS = YES;
				GENERATE_INFOPLIST_FILE = YES;
				INFOPLIST_FILE = BubbleWord/Info.plist;
				INFOPLIST_KEY_CFBundleDisplayName = Letters.io;
				INFOPLIST_KEY_LSApplicationCategoryType = "public.app-category.trivia-games";
				INFOPLIST_KEY_UIApplicationSceneManifest_Generation = YES;
				INFOPLIST_KEY_UIApplicationSupportsIndirectInputEvents = YES;
				INFOPLIST_KEY_UILaunchScreen_Generation = YES;
				INFOPLIST_KEY_UISupportedInterfaceOrientations = UIInterfaceOrientationPortrait;
				INFOPLIST_KEY_UISupportedInterfaceOrientations_iPad = "UIInterfaceOrientationLandscapeLeft UIInterfaceOrientationLandscapeRight UIInterfaceOrientationPortrait UIInterfaceOrientationPortraitUpsideDown";
				IPHONEOS_DEPLOYMENT_TARGET = 14.0;
				LD_RUNPATH_SEARCH_PATHS = (
					"$(inherited)",
					"@executable_path/Frameworks",
				);
				MARKETING_VERSION = 1.0;
				PRODUCT_BUNDLE_IDENTIFIER = com.app.BubbleWord;
				PRODUCT_NAME = "$(TARGET_NAME)";
				SUPPORTED_PLATFORMS = "iphoneos iphonesimulator";
				SUPPORTS_MACCATALYST = NO;
				SUPPORTS_MAC_DESIGNED_FOR_IPHONE_IPAD = NO;
				SWIFT_EMIT_LOC_STRINGS = YES;
				SWIFT_VERSION = 5.0;
				TARGETED_DEVICE_FAMILY = "1,2";
			};
			name = Release;
		};
/* End XCBuildConfiguration section */

/* Begin XCConfigurationList section */
		DF5D36FA2911B7EC001A7BA1 /* Build configuration list for PBXProject "BubbleWord" */ = {
			isa = XCConfigurationList;
			buildConfigurations = (
				DF5D370B2911B7ED001A7BA1 /* Debug */,
				DF5D370C2911B7ED001A7BA1 /* Release */,
			);
			defaultConfigurationIsVisible = 0;
			defaultConfigurationName = Release;
		};
		DF5D370D2911B7ED001A7BA1 /* Build configuration list for PBXNativeTarget "BubbleWord" */ = {
			isa = XCConfigurationList;
			buildConfigurations = (
				DF5D370E2911B7ED001A7BA1 /* Debug */,
				DF5D370F2911B7ED001A7BA1 /* Release */,
			);
			defaultConfigurationIsVisible = 0;
			defaultConfigurationName = Release;
		};
/* End XCConfigurationList section */

/* Begin XCRemoteSwiftPackageReference section */
		DF5EC3FD292A70C500543378 /* XCRemoteSwiftPackageReference "ios-sdk" */ = {
			isa = XCRemoteSwiftPackageReference;
			repositoryURL = "https://github.com/uxcam/ios-sdk";
			requirement = {
				branch = main;
				kind = branch;
			};
		};
		DF5EC400292A70D600543378 /* XCRemoteSwiftPackageReference "ios-swiftui" */ = {
			isa = XCRemoteSwiftPackageReference;
			repositoryURL = "https://github.com/uxcam/ios-swiftui";
			requirement = {
				branch = main;
				kind = branch;
			};
		};
/* End XCRemoteSwiftPackageReference section */

/* Begin XCSwiftPackageProductDependency section */
		DF5EC3FE292A70C500543378 /* UXCam */ = {
			isa = XCSwiftPackageProductDependency;
			package = DF5EC3FD292A70C500543378 /* XCRemoteSwiftPackageReference "ios-sdk" */;
			productName = UXCam;
		};
		DF5EC401292A70D600543378 /* UXCamSwiftUI */ = {
			isa = XCSwiftPackageProductDependency;
			package = DF5EC400292A70D600543378 /* XCRemoteSwiftPackageReference "ios-swiftui" */;
			productName = UXCamSwiftUI;
		};
/* End XCSwiftPackageProductDependency section */
	};
	rootObject = DF5D36F72911B7EC001A7BA1 /* Project object */;
}
